lockfileVersion: '9.0'

settings:
  autoInstallPeers: true
  excludeLinksFromLockfile: false

importers:

  .:
    dependencies:
      hono:
        specifier: ^4.9.0
        version: 4.9.0

packages:

  hono@4.9.0:
    resolution: {integrity: sha512-JAUc4Sqi3lhby2imRL/67LMcJFKiCu7ZKghM7iwvltVZzxEC5bVJCsAa4NTnSfmWGb+N2eOVtFE586R+K3fejA==}
    engines: {node: '>=16.9.0'}

snapshots:

  hono@4.9.0: {}
